
Microsoft Visual Studio Solution File, Format Version 12.00
# Visual Studio Version 16
VisualStudioVersion = 16.0.30413.136
MinimumVisualStudioVersion = 10.0.40219.1
Project("{FAE04EC0-301F-11D3-BF4B-00C04F79EFBC}") = "Password Manager", "Password Manager\Password Manager.csproj", "{8F845057-F8F9-4D88-9936-6925E185A983}"
EndProject
Global
	GlobalSection(SolutionConfigurationPlatforms) = preSolution
		Debug|Any CPU = Debug|Any CPU
		Release|Any CPU = Release|Any CPU
	EndGlobalSection
	GlobalSection(ProjectConfigurationPlatforms) = postSolution
		{8F845057-F8F9-4D88-9936-6925E185A983}.Debug|Any CPU.ActiveCfg = Debug|Any CPU
		{8F845057-F8F9-4D88-9936-6925E185A983}.Debug|Any CPU.Build.0 = Debug|Any CPU
		{8F845057-F8F9-4D88-9936-6925E185A983}.Release|Any CPU.ActiveCfg = Release|Any CPU
		{8F845057-F8F9-4D88-9936-6925E185A983}.Release|Any CPU.Build.0 = Release|Any CPU
	EndGlobalSection
	GlobalSection(SolutionProperties) = preSolution
		HideSolutionNode = FALSE
	EndGlobalSection
	GlobalSection(ExtensibilityGlobals) = postSolution
		SolutionGuid = {49CEE7B1-6F7C-4695-8906-5D4E40A5F83B}
	EndGlobalSection
EndGlobal
